// !$*UTF8*$!
{
	archiveVersion = 1;
	classes = {
	};
	objectVersion = 56;
	objects = {

/* Begin PBXBuildFile section */
		0C7E4C2D2C3ECE510057BD66 /* CryptosApp.swift in Sources */ = {isa = PBXBuildFile; fileRef = 0C7E4C2C2C3ECE510057BD66 /* CryptosApp.swift */; };
		0C7E4C342C3ECE550057BD66 /* Preview Assets.xcassets in Resources */ = {isa = PBXBuildFile; fileRef = 0C7E4C332C3ECE550057BD66 /* Preview Assets.xcassets */; };
		0C7E4C3E2C3ED1A00057BD66 /* swiftlint.yml in Resources */ = {isa = PBXBuildFile; fileRef = 0C7E4C3D2C3ED1A00057BD66 /* swiftlint.yml */; };
		0C7E4C422C3ED41C0057BD66 /* Color+Ext.swift in Sources */ = {isa = PBXBuildFile; fileRef = 0C7E4C412C3ED41C0057BD66 /* Color+Ext.swift */; };
		0C7E4C482C3EDCD80057BD66 /* HomeView.swift in Sources */ = {isa = PBXBuildFile; fileRef = 0C7E4C472C3EDCD80057BD66 /* HomeView.swift */; };
		0C7E4C4C2C3EE1D60057BD66 /* CircleButtonView.swift in Sources */ = {isa = PBXBuildFile; fileRef = 0C7E4C4B2C3EE1D60057BD66 /* CircleButtonView.swift */; };
		0C7E4C4E2C3EEA350057BD66 /* CircleButtonAnimationView.swift in Sources */ = {isa = PBXBuildFile; fileRef = 0C7E4C4D2C3EEA350057BD66 /* CircleButtonAnimationView.swift */; };
		0C7E4C502C3EF06F0057BD66 /* HomeHeader.swift in Sources */ = {isa = PBXBuildFile; fileRef = 0C7E4C4F2C3EF06F0057BD66 /* HomeHeader.swift */; };
		0C7E4C582C3F058E0057BD66 /* Coin.swift in Sources */ = {isa = PBXBuildFile; fileRef = 0C7E4C572C3F058E0057BD66 /* Coin.swift */; };
		0C7E4C5A2C403D8A0057BD66 /* CoinRowView.swift in Sources */ = {isa = PBXBuildFile; fileRef = 0C7E4C592C403D8A0057BD66 /* CoinRowView.swift */; };
		0C7E4C5C2C4043470057BD66 /* Double+Ext.swift in Sources */ = {isa = PBXBuildFile; fileRef = 0C7E4C5B2C4043470057BD66 /* Double+Ext.swift */; };
		0C7E4C5E2C4153E80057BD66 /* HomeViewModel.swift in Sources */ = {isa = PBXBuildFile; fileRef = 0C7E4C5D2C4153E80057BD66 /* HomeViewModel.swift */; };
		0C7E4C622C41612E0057BD66 /* ListView.swift in Sources */ = {isa = PBXBuildFile; fileRef = 0C7E4C612C41612E0057BD66 /* ListView.swift */; };
		0C7E4C652C416F390057BD66 /* FetchCoinsService.swift in Sources */ = {isa = PBXBuildFile; fileRef = 0C7E4C642C416F390057BD66 /* FetchCoinsService.swift */; };
		0C7E4C692C41701A0057BD66 /* RequestProtocol.swift in Sources */ = {isa = PBXBuildFile; fileRef = 0C7E4C682C41701A0057BD66 /* RequestProtocol.swift */; };
		0C7E4C6B2C4170A70057BD66 /* APIConstants.swift in Sources */ = {isa = PBXBuildFile; fileRef = 0C7E4C6A2C4170A70057BD66 /* APIConstants.swift */; };
		0C7E4C6D2C4171350057BD66 /* CoinRequest.swift in Sources */ = {isa = PBXBuildFile; fileRef = 0C7E4C6C2C4171350057BD66 /* CoinRequest.swift */; };
		0C7E4C702C4172AC0057BD66 /* NetworkError.swift in Sources */ = {isa = PBXBuildFile; fileRef = 0C7E4C6F2C4172AC0057BD66 /* NetworkError.swift */; };
		0C7E4C752C4173A30057BD66 /* DataParser.swift in Sources */ = {isa = PBXBuildFile; fileRef = 0C7E4C742C4173A30057BD66 /* DataParser.swift */; };
		0C7E4C782C41749D0057BD66 /* APIManager.swift in Sources */ = {isa = PBXBuildFile; fileRef = 0C7E4C772C41749D0057BD66 /* APIManager.swift */; };
		0C7E4C7A2C4175870057BD66 /* RequestManager.swift in Sources */ = {isa = PBXBuildFile; fileRef = 0C7E4C792C4175870057BD66 /* RequestManager.swift */; };
		0C7E4C7C2C45421E0057BD66 /* ImageView.swift in Sources */ = {isa = PBXBuildFile; fileRef = 0C7E4C7B2C45421E0057BD66 /* ImageView.swift */; };
		0C7E4C7E2C45475C0057BD66 /* SearchBarView.swift in Sources */ = {isa = PBXBuildFile; fileRef = 0C7E4C7D2C45475C0057BD66 /* SearchBarView.swift */; };
		0C7E4C802C456C360057BD66 /* Statistic.swift in Sources */ = {isa = PBXBuildFile; fileRef = 0C7E4C7F2C456C360057BD66 /* Statistic.swift */; };
		0C7E4C822C456E3A0057BD66 /* StatisticView.swift in Sources */ = {isa = PBXBuildFile; fileRef = 0C7E4C812C456E3A0057BD66 /* StatisticView.swift */; };
		0C7E4C842C4571EF0057BD66 /* HomeStatisticsView.swift in Sources */ = {isa = PBXBuildFile; fileRef = 0C7E4C832C4571EF0057BD66 /* HomeStatisticsView.swift */; };
		0CBAD3A02C49722200F3683D /* Assets.xcassets in Resources */ = {isa = PBXBuildFile; fileRef = 0CBAD39F2C49722200F3683D /* Assets.xcassets */; };
/* End PBXBuildFile section */

/* Begin PBXFileReference section */
		0C7E4C292C3ECE510057BD66 /* Cryptos.app */ = {isa = PBXFileReference; explicitFileType = wrapper.application; includeInIndex = 0; path = Cryptos.app; sourceTree = BUILT_PRODUCTS_DIR; };
		0C7E4C2C2C3ECE510057BD66 /* CryptosApp.swift */ = {isa = PBXFileReference; lastKnownFileType = sourcecode.swift; path = CryptosApp.swift; sourceTree = "<group>"; };
		0C7E4C332C3ECE550057BD66 /* Preview Assets.xcassets */ = {isa = PBXFileReference; lastKnownFileType = folder.assetcatalog; path = "Preview Assets.xcassets"; sourceTree = "<group>"; };
		0C7E4C3D2C3ED1A00057BD66 /* swiftlint.yml */ = {isa = PBXFileReference; fileEncoding = 4; lastKnownFileType = text.yaml; path = swiftlint.yml; sourceTree = "<group>"; };
		0C7E4C412C3ED41C0057BD66 /* Color+Ext.swift */ = {isa = PBXFileReference; lastKnownFileType = sourcecode.swift; path = "Color+Ext.swift"; sourceTree = "<group>"; };
		0C7E4C472C3EDCD80057BD66 /* HomeView.swift */ = {isa = PBXFileReference; lastKnownFileType = sourcecode.swift; path = HomeView.swift; sourceTree = "<group>"; };
		0C7E4C4B2C3EE1D60057BD66 /* CircleButtonView.swift */ = {isa = PBXFileReference; lastKnownFileType = sourcecode.swift; path = CircleButtonView.swift; sourceTree = "<group>"; };
		0C7E4C4D2C3EEA350057BD66 /* CircleButtonAnimationView.swift */ = {isa = PBXFileReference; lastKnownFileType = sourcecode.swift; path = CircleButtonAnimationView.swift; sourceTree = "<group>"; };
		0C7E4C4F2C3EF06F0057BD66 /* HomeHeader.swift */ = {isa = PBXFileReference; lastKnownFileType = sourcecode.swift; path = HomeHeader.swift; sourceTree = "<group>"; };
		0C7E4C572C3F058E0057BD66 /* Coin.swift */ = {isa = PBXFileReference; lastKnownFileType = sourcecode.swift; path = Coin.swift; sourceTree = "<group>"; };
		0C7E4C592C403D8A0057BD66 /* CoinRowView.swift */ = {isa = PBXFileReference; lastKnownFileType = sourcecode.swift; path = CoinRowView.swift; sourceTree = "<group>"; };
		0C7E4C5B2C4043470057BD66 /* Double+Ext.swift */ = {isa = PBXFileReference; lastKnownFileType = sourcecode.swift; path = "Double+Ext.swift"; sourceTree = "<group>"; };
		0C7E4C5D2C4153E80057BD66 /* HomeViewModel.swift */ = {isa = PBXFileReference; lastKnownFileType = sourcecode.swift; path = HomeViewModel.swift; sourceTree = "<group>"; };
		0C7E4C612C41612E0057BD66 /* ListView.swift */ = {isa = PBXFileReference; lastKnownFileType = sourcecode.swift; path = ListView.swift; sourceTree = "<group>"; };
		0C7E4C642C416F390057BD66 /* FetchCoinsService.swift */ = {isa = PBXFileReference; lastKnownFileType = sourcecode.swift; path = FetchCoinsService.swift; sourceTree = "<group>"; };
		0C7E4C682C41701A0057BD66 /* RequestProtocol.swift */ = {isa = PBXFileReference; lastKnownFileType = sourcecode.swift; path = RequestProtocol.swift; sourceTree = "<group>"; };
		0C7E4C6A2C4170A70057BD66 /* APIConstants.swift */ = {isa = PBXFileReference; lastKnownFileType = sourcecode.swift; path = APIConstants.swift; sourceTree = "<group>"; };
		0C7E4C6C2C4171350057BD66 /* CoinRequest.swift */ = {isa = PBXFileReference; lastKnownFileType = sourcecode.swift; path = CoinRequest.swift; sourceTree = "<group>"; };
		0C7E4C6F2C4172AC0057BD66 /* NetworkError.swift */ = {isa = PBXFileReference; lastKnownFileType = sourcecode.swift; path = NetworkError.swift; sourceTree = "<group>"; };
		0C7E4C742C4173A30057BD66 /* DataParser.swift */ = {isa = PBXFileReference; lastKnownFileType = sourcecode.swift; path = DataParser.swift; sourceTree = "<group>"; };
		0C7E4C772C41749D0057BD66 /* APIManager.swift */ = {isa = PBXFileReference; lastKnownFileType = sourcecode.swift; path = APIManager.swift; sourceTree = "<group>"; };
		0C7E4C792C4175870057BD66 /* RequestManager.swift */ = {isa = PBXFileReference; lastKnownFileType = sourcecode.swift; path = RequestManager.swift; sourceTree = "<group>"; };
		0C7E4C7B2C45421E0057BD66 /* ImageView.swift */ = {isa = PBXFileReference; lastKnownFileType = sourcecode.swift; path = ImageView.swift; sourceTree = "<group>"; };
		0C7E4C7D2C45475C0057BD66 /* SearchBarView.swift */ = {isa = PBXFileReference; lastKnownFileType = sourcecode.swift; path = SearchBarView.swift; sourceTree = "<group>"; };
		0C7E4C7F2C456C360057BD66 /* Statistic.swift */ = {isa = PBXFileReference; lastKnownFileType = sourcecode.swift; path = Statistic.swift; sourceTree = "<group>"; };
		0C7E4C812C456E3A0057BD66 /* StatisticView.swift */ = {isa = PBXFileReference; lastKnownFileType = sourcecode.swift; path = StatisticView.swift; sourceTree = "<group>"; };
		0C7E4C832C4571EF0057BD66 /* HomeStatisticsView.swift */ = {isa = PBXFileReference; lastKnownFileType = sourcecode.swift; path = HomeStatisticsView.swift; sourceTree = "<group>"; };
		0CBAD39F2C49722200F3683D /* Assets.xcassets */ = {isa = PBXFileReference; lastKnownFileType = folder.assetcatalog; path = Assets.xcassets; sourceTree = "<group>"; };
/* End PBXFileReference section */

/* Begin PBXFrameworksBuildPhase section */
		0C7E4C262C3ECE510057BD66 /* Frameworks */ = {
			isa = PBXFrameworksBuildPhase;
			buildActionMask = 2147483647;
			files = (
			);
			runOnlyForDeploymentPostprocessing = 0;
		};
/* End PBXFrameworksBuildPhase section */

/* Begin PBXGroup section */
		0C7E4C202C3ECE510057BD66 = {
			isa = PBXGroup;
			children = (
				0C7E4C3D2C3ED1A00057BD66 /* swiftlint.yml */,
				0C7E4C2B2C3ECE510057BD66 /* Cryptos */,
				0C7E4C2A2C3ECE510057BD66 /* Products */,
			);
			sourceTree = "<group>";
		};
		0C7E4C2A2C3ECE510057BD66 /* Products */ = {
			isa = PBXGroup;
			children = (
				0C7E4C292C3ECE510057BD66 /* Cryptos.app */,
			);
			name = Products;
			sourceTree = "<group>";
		};
		0C7E4C2B2C3ECE510057BD66 /* Cryptos */ = {
			isa = PBXGroup;
			children = (
				0C7E4C542C3F05290057BD66 /* App */,
				0C7E4C492C3EE1B60057BD66 /* Core */,
				0C7E4C402C3ED4060057BD66 /* Library */,
				0C7E4C552C3F053C0057BD66 /* Resources */,
				0C7E4C322C3ECE550057BD66 /* Preview Content */,
			);
			path = Cryptos;
			sourceTree = "<group>";
		};
		0C7E4C322C3ECE550057BD66 /* Preview Content */ = {
			isa = PBXGroup;
			children = (
				0C7E4C332C3ECE550057BD66 /* Preview Assets.xcassets */,
			);
			path = "Preview Content";
			sourceTree = "<group>";
		};
		0C7E4C3F2C3ED3FF0057BD66 /* Extensions */ = {
			isa = PBXGroup;
			children = (
				0C7E4C412C3ED41C0057BD66 /* Color+Ext.swift */,
				0C7E4C5B2C4043470057BD66 /* Double+Ext.swift */,
			);
			path = Extensions;
			sourceTree = "<group>";
		};
		0C7E4C402C3ED4060057BD66 /* Library */ = {
			isa = PBXGroup;
			children = (
				0C7E4C3F2C3ED3FF0057BD66 /* Extensions */,
			);
			path = Library;
			sourceTree = "<group>";
		};
		0C7E4C432C3EDCB20057BD66 /* Screens */ = {
			isa = PBXGroup;
			children = (
				0C7E4C442C3EDCBE0057BD66 /* Home */,
			);
			path = Screens;
			sourceTree = "<group>";
		};
		0C7E4C442C3EDCBE0057BD66 /* Home */ = {
			isa = PBXGroup;
			children = (
				0C7E4C662C416FF30057BD66 /* Service */,
				0C7E4C452C3EDCCB0057BD66 /* Views */,
				0C7E4C5D2C4153E80057BD66 /* HomeViewModel.swift */,
				0C7E4C472C3EDCD80057BD66 /* HomeView.swift */,
			);
			path = Home;
			sourceTree = "<group>";
		};
		0C7E4C452C3EDCCB0057BD66 /* Views */ = {
			isa = PBXGroup;
			children = (
				0C7E4C4F2C3EF06F0057BD66 /* HomeHeader.swift */,
				0C7E4C592C403D8A0057BD66 /* CoinRowView.swift */,
				0C7E4C612C41612E0057BD66 /* ListView.swift */,
				0C7E4C832C4571EF0057BD66 /* HomeStatisticsView.swift */,
			);
			path = Views;
			sourceTree = "<group>";
		};
		0C7E4C492C3EE1B60057BD66 /* Core */ = {
			isa = PBXGroup;
			children = (
				0C7E4C532C3F05230057BD66 /* Models */,
				0C7E4C632C416EFE0057BD66 /* API */,
				0C7E4C4A2C3EE1C00057BD66 /* UI Components */,
				0C7E4C432C3EDCB20057BD66 /* Screens */,
			);
			path = Core;
			sourceTree = "<group>";
		};
		0C7E4C4A2C3EE1C00057BD66 /* UI Components */ = {
			isa = PBXGroup;
			children = (
				0C7E4C512C3EF21D0057BD66 /* CircleButton */,
				0C7E4C7B2C45421E0057BD66 /* ImageView.swift */,
				0C7E4C7D2C45475C0057BD66 /* SearchBarView.swift */,
				0C7E4C812C456E3A0057BD66 /* StatisticView.swift */,
			);
			path = "UI Components";
			sourceTree = "<group>";
		};
		0C7E4C512C3EF21D0057BD66 /* CircleButton */ = {
			isa = PBXGroup;
			children = (
				0C7E4C4B2C3EE1D60057BD66 /* CircleButtonView.swift */,
				0C7E4C4D2C3EEA350057BD66 /* CircleButtonAnimationView.swift */,
			);
			path = CircleButton;
			sourceTree = "<group>";
		};
		0C7E4C532C3F05230057BD66 /* Models */ = {
			isa = PBXGroup;
			children = (
				0C7E4C572C3F058E0057BD66 /* Coin.swift */,
				0C7E4C7F2C456C360057BD66 /* Statistic.swift */,
			);
			path = Models;
			sourceTree = "<group>";
		};
		0C7E4C542C3F05290057BD66 /* App */ = {
			isa = PBXGroup;
			children = (
				0C7E4C2C2C3ECE510057BD66 /* CryptosApp.swift */,
			);
			path = App;
			sourceTree = "<group>";
		};
		0C7E4C552C3F053C0057BD66 /* Resources */ = {
			isa = PBXGroup;
			children = (
				0CBAD39F2C49722200F3683D /* Assets.xcassets */,
			);
			path = Resources;
			sourceTree = "<group>";
		};
		0C7E4C632C416EFE0057BD66 /* API */ = {
			isa = PBXGroup;
			children = (
				0C7E4C762C41745E0057BD66 /* Network */,
				0C7E4C732C41738F0057BD66 /* Parser */,
				0C7E4C672C416FFD0057BD66 /* Request */,
			);
			path = API;
			sourceTree = "<group>";
		};
		0C7E4C662C416FF30057BD66 /* Service */ = {
			isa = PBXGroup;
			children = (
				0C7E4C642C416F390057BD66 /* FetchCoinsService.swift */,
			);
			path = Service;
			sourceTree = "<group>";
		};
		0C7E4C672C416FFD0057BD66 /* Request */ = {
			isa = PBXGroup;
			children = (
				0C7E4C682C41701A0057BD66 /* RequestProtocol.swift */,
				0C7E4C6C2C4171350057BD66 /* CoinRequest.swift */,
			);
			path = Request;
			sourceTree = "<group>";
		};
		0C7E4C732C41738F0057BD66 /* Parser */ = {
			isa = PBXGroup;
			children = (
				0C7E4C742C4173A30057BD66 /* DataParser.swift */,
			);
			path = Parser;
			sourceTree = "<group>";
		};
		0C7E4C762C41745E0057BD66 /* Network */ = {
			isa = PBXGroup;
			children = (
				0C7E4C6A2C4170A70057BD66 /* APIConstants.swift */,
				0C7E4C6F2C4172AC0057BD66 /* NetworkError.swift */,
				0C7E4C772C41749D0057BD66 /* APIManager.swift */,
				0C7E4C792C4175870057BD66 /* RequestManager.swift */,
			);
			path = Network;
			sourceTree = "<group>";
		};
/* End PBXGroup section */

/* Begin PBXNativeTarget section */
		0C7E4C282C3ECE510057BD66 /* Cryptos */ = {
			isa = PBXNativeTarget;
			buildConfigurationList = 0C7E4C372C3ECE550057BD66 /* Build configuration list for PBXNativeTarget "Cryptos" */;
			buildPhases = (
				0C7E4C252C3ECE510057BD66 /* Sources */,
				0C7E4C262C3ECE510057BD66 /* Frameworks */,
				0C7E4C272C3ECE510057BD66 /* Resources */,
				0C7E4C3C2C3ED1250057BD66 /* ShellScript */,
			);
			buildRules = (
			);
			dependencies = (
			);
			name = Cryptos;
			productName = Cryptos;
			productReference = 0C7E4C292C3ECE510057BD66 /* Cryptos.app */;
			productType = "com.apple.product-type.application";
		};
/* End PBXNativeTarget section */

/* Begin PBXProject section */
		0C7E4C212C3ECE510057BD66 /* Project object */ = {
			isa = PBXProject;
			attributes = {
				BuildIndependentTargetsInParallel = 1;
				LastSwiftUpdateCheck = 1540;
				LastUpgradeCheck = 1540;
				TargetAttributes = {
					0C7E4C282C3ECE510057BD66 = {
						CreatedOnToolsVersion = 15.4;
					};
				};
			};
			buildConfigurationList = 0C7E4C242C3ECE510057BD66 /* Build configuration list for PBXProject "Cryptos" */;
			compatibilityVersion = "Xcode 14.0";
			developmentRegion = en;
			hasScannedForEncodings = 0;
			knownRegions = (
				en,
				Base,
			);
			mainGroup = 0C7E4C202C3ECE510057BD66;
			productRefGroup = 0C7E4C2A2C3ECE510057BD66 /* Products */;
			projectDirPath = "";
			projectRoot = "";
			targets = (
				0C7E4C282C3ECE510057BD66 /* Cryptos */,
			);
		};
/* End PBXProject section */

/* Begin PBXResourcesBuildPhase section */
		0C7E4C272C3ECE510057BD66 /* Resources */ = {
			isa = PBXResourcesBuildPhase;
			buildActionMask = 2147483647;
			files = (
				0C7E4C342C3ECE550057BD66 /* Preview Assets.xcassets in Resources */,
				0CBAD3A02C49722200F3683D /* Assets.xcassets in Resources */,
				0C7E4C3E2C3ED1A00057BD66 /* swiftlint.yml in Resources */,
			);
			runOnlyForDeploymentPostprocessing = 0;
		};
/* End PBXResourcesBuildPhase section */

/* Begin PBXShellScriptBuildPhase section */
		0C7E4C3C2C3ED1250057BD66 /* ShellScript */ = {
			isa = PBXShellScriptBuildPhase;
			alwaysOutOfDate = 1;
			buildActionMask = 2147483647;
			files = (
			);
			inputFileListPaths = (
			);
			inputPaths = (
			);
			outputFileListPaths = (
			);
			outputPaths = (
			);
			runOnlyForDeploymentPostprocessing = 0;
			shellPath = /bin/sh;
			shellScript = "export PATH=\"$PATH:/opt/homebrew/bin\"\nPATH=/opt/homebrew/bin:$PATH\n    if which swiftlint >/dev/null; then\n    swiftlint\n    else\n        echo \"warning: SwiftLint not installed, download from https://github.com/realm/SwiftLint\"\nfi\n";
		};
/* End PBXShellScriptBuildPhase section */

/* Begin PBXSourcesBuildPhase section */
		0C7E4C252C3ECE510057BD66 /* Sources */ = {
			isa = PBXSourcesBuildPhase;
			buildActionMask = 2147483647;
			files = (
				0C7E4C7C2C45421E0057BD66 /* ImageView.swift in Sources */,
				0C7E4C652C416F390057BD66 /* FetchCoinsService.swift in Sources */,
				0C7E4C702C4172AC0057BD66 /* NetworkError.swift in Sources */,
				0C7E4C5A2C403D8A0057BD66 /* CoinRowView.swift in Sources */,
				0C7E4C482C3EDCD80057BD66 /* HomeView.swift in Sources */,
				0C7E4C2D2C3ECE510057BD66 /* CryptosApp.swift in Sources */,
				0C7E4C6D2C4171350057BD66 /* CoinRequest.swift in Sources */,
				0C7E4C7A2C4175870057BD66 /* RequestManager.swift in Sources */,
				0C7E4C802C456C360057BD66 /* Statistic.swift in Sources */,
				0C7E4C752C4173A30057BD66 /* DataParser.swift in Sources */,
				0C7E4C5E2C4153E80057BD66 /* HomeViewModel.swift in Sources */,
				0C7E4C7E2C45475C0057BD66 /* SearchBarView.swift in Sources */,
				0C7E4C4C2C3EE1D60057BD66 /* CircleButtonView.swift in Sources */,
				0C7E4C502C3EF06F0057BD66 /* HomeHeader.swift in Sources */,
				0C7E4C822C456E3A0057BD66 /* StatisticView.swift in Sources */,
				0C7E4C422C3ED41C0057BD66 /* Color+Ext.swift in Sources */,
				0C7E4C6B2C4170A70057BD66 /* APIConstants.swift in Sources */,
				0C7E4C782C41749D0057BD66 /* APIManager.swift in Sources */,
				0C7E4C842C4571EF0057BD66 /* HomeStatisticsView.swift in Sources */,
				0C7E4C4E2C3EEA350057BD66 /* CircleButtonAnimationView.swift in Sources */,
				0C7E4C622C41612E0057BD66 /* ListView.swift in Sources */,
				0C7E4C582C3F058E0057BD66 /* Coin.swift in Sources */,
				0C7E4C692C41701A0057BD66 /* RequestProtocol.swift in Sources */,
				0C7E4C5C2C4043470057BD66 /* Double+Ext.swift in Sources */,
			);
			runOnlyForDeploymentPostprocessing = 0;
		};
/* End PBXSourcesBuildPhase section */

/* Begin XCBuildConfiguration section */
		0C7E4C352C3ECE550057BD66 /* Debug */ = {
			isa = XCBuildConfiguration;
			buildSettings = {
				ALWAYS_SEARCH_USER_PATHS = NO;
				ASSETCATALOG_COMPILER_GENERATE_SWIFT_ASSET_SYMBOL_EXTENSIONS = YES;
				CLANG_ANALYZER_NONNULL = YES;
				CLANG_ANALYZER_NUMBER_OBJECT_CONVERSION = YES_AGGRESSIVE;
				CLANG_CXX_LANGUAGE_STANDARD = "gnu++20";
				CLANG_ENABLE_MODULES = YES;
				CLANG_ENABLE_OBJC_ARC = YES;
				CLANG_ENABLE_OBJC_WEAK = YES;
				CLANG_WARN_BLOCK_CAPTURE_AUTORELEASING = YES;
				CLANG_WARN_BOOL_CONVERSION = YES;
				CLANG_WARN_COMMA = YES;
				CLANG_WARN_CONSTANT_CONVERSION = YES;
				CLANG_WARN_DEPRECATED_OBJC_IMPLEMENTATIONS = YES;
				CLANG_WARN_DIRECT_OBJC_ISA_USAGE = YES_ERROR;
				CLANG_WARN_DOCUMENTATION_COMMENTS = YES;
				CLANG_WARN_EMPTY_BODY = YES;
				CLANG_WARN_ENUM_CONVERSION = YES;
				CLANG_WARN_INFINITE_RECURSION = YES;
				CLANG_WARN_INT_CONVERSION = YES;
				CLANG_WARN_NON_LITERAL_NULL_CONVERSION = YES;
				CLANG_WARN_OBJC_IMPLICIT_RETAIN_SELF = YES;
				CLANG_WARN_OBJC_LITERAL_CONVERSION = YES;
				CLANG_WARN_OBJC_ROOT_CLASS = YES_ERROR;
				CLANG_WARN_QUOTED_INCLUDE_IN_FRAMEWORK_HEADER = YES;
				CLANG_WARN_RANGE_LOOP_ANALYSIS = YES;
				CLANG_WARN_STRICT_PROTOTYPES = YES;
				CLANG_WARN_SUSPICIOUS_MOVE = YES;
				CLANG_WARN_UNGUARDED_AVAILABILITY = YES_AGGRESSIVE;
				CLANG_WARN_UNREACHABLE_CODE = YES;
				CLANG_WARN__DUPLICATE_METHOD_MATCH = YES;
				COPY_PHASE_STRIP = NO;
				DEBUG_INFORMATION_FORMAT = dwarf;
				ENABLE_STRICT_OBJC_MSGSEND = YES;
				ENABLE_TESTABILITY = YES;
				ENABLE_USER_SCRIPT_SANDBOXING = NO;
				GCC_C_LANGUAGE_STANDARD = gnu17;
				GCC_DYNAMIC_NO_PIC = NO;
				GCC_NO_COMMON_BLOCKS = YES;
				GCC_OPTIMIZATION_LEVEL = 0;
				GCC_PREPROCESSOR_DEFINITIONS = (
					"DEBUG=1",
					"$(inherited)",
				);
				GCC_WARN_64_TO_32_BIT_CONVERSION = YES;
				GCC_WARN_ABOUT_RETURN_TYPE = YES_ERROR;
				GCC_WARN_UNDECLARED_SELECTOR = YES;
				GCC_WARN_UNINITIALIZED_AUTOS = YES_AGGRESSIVE;
				GCC_WARN_UNUSED_FUNCTION = YES;
				GCC_WARN_UNUSED_VARIABLE = YES;
				IPHONEOS_DEPLOYMENT_TARGET = 15.0;
				LOCALIZATION_PREFERS_STRING_CATALOGS = YES;
				MTL_ENABLE_DEBUG_INFO = INCLUDE_SOURCE;
				MTL_FAST_MATH = YES;
				ONLY_ACTIVE_ARCH = YES;
				SDKROOT = iphoneos;
				SWIFT_ACTIVE_COMPILATION_CONDITIONS = "DEBUG $(inherited)";
				SWIFT_OPTIMIZATION_LEVEL = "-Onone";
			};
			name = Debug;
		};
		0C7E4C362C3ECE550057BD66 /* Release */ = {
			isa = XCBuildConfiguration;
			buildSettings = {
				ALWAYS_SEARCH_USER_PATHS = NO;
				ASSETCATALOG_COMPILER_GENERATE_SWIFT_ASSET_SYMBOL_EXTENSIONS = YES;
				CLANG_ANALYZER_NONNULL = YES;
				CLANG_ANALYZER_NUMBER_OBJECT_CONVERSION = YES_AGGRESSIVE;
				CLANG_CXX_LANGUAGE_STANDARD = "gnu++20";
				CLANG_ENABLE_MODULES = YES;
				CLANG_ENABLE_OBJC_ARC = YES;
				CLANG_ENABLE_OBJC_WEAK = YES;
				CLANG_WARN_BLOCK_CAPTURE_AUTORELEASING = YES;
				CLANG_WARN_BOOL_CONVERSION = YES;
				CLANG_WARN_COMMA = YES;
				CLANG_WARN_CONSTANT_CONVERSION = YES;
				CLANG_WARN_DEPRECATED_OBJC_IMPLEMENTATIONS = YES;
				CLANG_WARN_DIRECT_OBJC_ISA_USAGE = YES_ERROR;
				CLANG_WARN_DOCUMENTATION_COMMENTS = YES;
				CLANG_WARN_EMPTY_BODY = YES;
				CLANG_WARN_ENUM_CONVERSION = YES;
				CLANG_WARN_INFINITE_RECURSION = YES;
				CLANG_WARN_INT_CONVERSION = YES;
				CLANG_WARN_NON_LITERAL_NULL_CONVERSION = YES;
				CLANG_WARN_OBJC_IMPLICIT_RETAIN_SELF = YES;
				CLANG_WARN_OBJC_LITERAL_CONVERSION = YES;
				CLANG_WARN_OBJC_ROOT_CLASS = YES_ERROR;
				CLANG_WARN_QUOTED_INCLUDE_IN_FRAMEWORK_HEADER = YES;
				CLANG_WARN_RANGE_LOOP_ANALYSIS = YES;
				CLANG_WARN_STRICT_PROTOTYPES = YES;
				CLANG_WARN_SUSPICIOUS_MOVE = YES;
				CLANG_WARN_UNGUARDED_AVAILABILITY = YES_AGGRESSIVE;
				CLANG_WARN_UNREACHABLE_CODE = YES;
				CLANG_WARN__DUPLICATE_METHOD_MATCH = YES;
				COPY_PHASE_STRIP = NO;
				DEBUG_INFORMATION_FORMAT = "dwarf-with-dsym";
				ENABLE_NS_ASSERTIONS = NO;
				ENABLE_STRICT_OBJC_MSGSEND = YES;
				ENABLE_USER_SCRIPT_SANDBOXING = NO;
				GCC_C_LANGUAGE_STANDARD = gnu17;
				GCC_NO_COMMON_BLOCKS = YES;
				GCC_WARN_64_TO_32_BIT_CONVERSION = YES;
				GCC_WARN_ABOUT_RETURN_TYPE = YES_ERROR;
				GCC_WARN_UNDECLARED_SELECTOR = YES;
				GCC_WARN_UNINITIALIZED_AUTOS = YES_AGGRESSIVE;
				GCC_WARN_UNUSED_FUNCTION = YES;
				GCC_WARN_UNUSED_VARIABLE = YES;
				IPHONEOS_DEPLOYMENT_TARGET = 15.0;
				LOCALIZATION_PREFERS_STRING_CATALOGS = YES;
				MTL_ENABLE_DEBUG_INFO = NO;
				MTL_FAST_MATH = YES;
				SDKROOT = iphoneos;
				SWIFT_COMPILATION_MODE = wholemodule;
				VALIDATE_PRODUCT = YES;
			};
			name = Release;
		};
		0C7E4C382C3ECE550057BD66 /* Debug */ = {
			isa = XCBuildConfiguration;
			buildSettings = {
				ASSETCATALOG_COMPILER_APPICON_NAME = AppIcon;
				ASSETCATALOG_COMPILER_GLOBAL_ACCENT_COLOR_NAME = AccentColor;
				CODE_SIGN_STYLE = Automatic;
				CURRENT_PROJECT_VERSION = 1;
				DEVELOPMENT_ASSET_PATHS = "\"Cryptos/Preview Content\"";
				DEVELOPMENT_TEAM = 4YYVSHC6RN;
				ENABLE_PREVIEWS = YES;
				GENERATE_INFOPLIST_FILE = YES;
				INFOPLIST_KEY_CFBundleDisplayName = "Cryptos Tracker";
				INFOPLIST_KEY_UIApplicationSceneManifest_Generation = YES;
				INFOPLIST_KEY_UIApplicationSupportsIndirectInputEvents = YES;
				INFOPLIST_KEY_UILaunchScreen_Generation = YES;
				INFOPLIST_KEY_UISupportedInterfaceOrientations = UIInterfaceOrientationPortrait;
				INFOPLIST_KEY_UISupportedInterfaceOrientations_iPad = "UIInterfaceOrientationLandscapeLeft UIInterfaceOrientationLandscapeRight UIInterfaceOrientationPortrait UIInterfaceOrientationPortraitUpsideDown";
				LD_RUNPATH_SEARCH_PATHS = (
					"$(inherited)",
					"@executable_path/Frameworks",
				);
				MARKETING_VERSION = 1.0;
				PRODUCT_BUNDLE_IDENTIFIER = io.atebenkov.Cryptos;
				PRODUCT_NAME = "$(TARGET_NAME)";
				SUPPORTED_PLATFORMS = "iphoneos iphonesimulator";
				SUPPORTS_MACCATALYST = NO;
				SUPPORTS_MAC_DESIGNED_FOR_IPHONE_IPAD = NO;
				SUPPORTS_XR_DESIGNED_FOR_IPHONE_IPAD = NO;
				SWIFT_EMIT_LOC_STRINGS = YES;
				SWIFT_VERSION = 5.0;
				TARGETED_DEVICE_FAMILY = "1,2";
			};
			name = Debug;
		};
		0C7E4C392C3ECE550057BD66 /* Release */ = {
			isa = XCBuildConfiguration;
			buildSettings = {
				ASSETCATALOG_COMPILER_APPICON_NAME = AppIcon;
				ASSETCATALOG_COMPILER_GLOBAL_ACCENT_COLOR_NAME = AccentColor;
				CODE_SIGN_STYLE = Automatic;
				CURRENT_PROJECT_VERSION = 1;
				DEVELOPMENT_ASSET_PATHS = "\"Cryptos/Preview Content\"";
				DEVELOPMENT_TEAM = 4YYVSHC6RN;
				ENABLE_PREVIEWS = YES;
				GENERATE_INFOPLIST_FILE = YES;
				INFOPLIST_KEY_CFBundleDisplayName = "Cryptos Tracker";
				INFOPLIST_KEY_UIApplicationSceneManifest_Generation = YES;
				INFOPLIST_KEY_UIApplicationSupportsIndirectInputEvents = YES;
				INFOPLIST_KEY_UILaunchScreen_Generation = YES;
				INFOPLIST_KEY_UISupportedInterfaceOrientations = UIInterfaceOrientationPortrait;
				INFOPLIST_KEY_UISupportedInterfaceOrientations_iPad = "UIInterfaceOrientationLandscapeLeft UIInterfaceOrientationLandscapeRight UIInterfaceOrientationPortrait UIInterfaceOrientationPortraitUpsideDown";
				LD_RUNPATH_SEARCH_PATHS = (
					"$(inherited)",
					"@executable_path/Frameworks",
				);
				MARKETING_VERSION = 1.0;
				PRODUCT_BUNDLE_IDENTIFIER = io.atebenkov.Cryptos;
				PRODUCT_NAME = "$(TARGET_NAME)";
				SUPPORTED_PLATFORMS = "iphoneos iphonesimulator";
				SUPPORTS_MACCATALYST = NO;
				SUPPORTS_MAC_DESIGNED_FOR_IPHONE_IPAD = NO;
				SUPPORTS_XR_DESIGNED_FOR_IPHONE_IPAD = NO;
				SWIFT_EMIT_LOC_STRINGS = YES;
				SWIFT_VERSION = 5.0;
				TARGETED_DEVICE_FAMILY = "1,2";
			};
			name = Release;
		};
/* End XCBuildConfiguration section */

/* Begin XCConfigurationList section */
		0C7E4C242C3ECE510057BD66 /* Build configuration list for PBXProject "Cryptos" */ = {
			isa = XCConfigurationList;
			buildConfigurations = (
				0C7E4C352C3ECE550057BD66 /* Debug */,
				0C7E4C362C3ECE550057BD66 /* Release */,
			);
			defaultConfigurationIsVisible = 0;
			defaultConfigurationName = Release;
		};
		0C7E4C372C3ECE550057BD66 /* Build configuration list for PBXNativeTarget "Cryptos" */ = {
			isa = XCConfigurationList;
			buildConfigurations = (
				0C7E4C382C3ECE550057BD66 /* Debug */,
				0C7E4C392C3ECE550057BD66 /* Release */,
			);
			defaultConfigurationIsVisible = 0;
			defaultConfigurationName = Release;
		};
/* End XCConfigurationList section */
	};
	rootObject = 0C7E4C212C3ECE510057BD66 /* Project object */;
}
